{
  "name": "ediary-jquery",
  "version": "1.0.0",
  "lockfileVersion": 2,
  "requires": true,
  "packages": {
    "": {
      "name": "ediary-jquery",
      "version": "1.0.0",
      "license": "ISC",
      "dependencies": {
        "deparam.js": "^2.1.4",
        "jq-router": "^4.6.1",
        "jquery": "^3.6.1",
        "jqueryrouter": "^2.2.12"
      }
    },
    "node_modules/deparam.js": {
      "version": "2.1.4",
      "resolved": "https://registry.npmjs.org/deparam.js/-/deparam.js-2.1.4.tgz",
      "integrity": "sha512-SBg206E6vNX+n0TTK8NqXLHpk3+AD7g/WmWLealhMGHDhg6TPdBDMRfQdVICJfI/2AN29kvvZ79RJAUDXNrMug=="
    },
    "node_modules/jq-router": {
      "version": "4.6.1",
      "resolved": "https://registry.npmjs.org/jq-router/-/jq-router-4.6.1.tgz",
      "integrity": "sha512-q+xzFUlhtdExSMfn3FcGlYFrUGuC9GzJUavkRfPJ9ziOlENYrL73RmfREntkaruGQo9RfE52I7lAOSG5SgaQ6Q==",
      "dependencies": {
        "jquery": "^3.2.1"
      }
    },
    "node_modules/jquery": {
      "version": "3.6.1",
      "resolved": "https://registry.npmjs.org/jquery/-/jquery-3.6.1.tgz",
      "integrity": "sha512-opJeO4nCucVnsjiXOE+/PcCgYw9Gwpvs/a6B1LL/lQhwWwpbVEVYDZ1FokFr8PRc7ghYlrFPuyHuiiDNTQxmcw=="
    },
    "node_modules/jqueryrouter": {
      "version": "2.2.12",
      "resolved": "https://registry.npmjs.org/jqueryrouter/-/jqueryrouter-2.2.12.tgz",
      "integrity": "sha512-IUgLUz39L3E2YKRSAme7TGoQB1CBlUbtaNHHsNjIk2caoACnv5pPbnvpgtvzCnXBi1oC/4tF5oLBgQERiXxXRQ==",
      "peerDependencies": {
        "deparam.js": "^2.1.0",
        "jquery": "^3.4.1"
      }
    }
  },
  "dependencies": {
    "deparam.js": {
      "version": "2.1.4",
      "resolved": "https://registry.npmjs.org/deparam.js/-/deparam.js-2.1.4.tgz",
      "integrity": "sha512-SBg206E6vNX+n0TTK8NqXLHpk3+AD7g/WmWLealhMGHDhg6TPdBDMRfQdVICJfI/2AN29kvvZ79RJAUDXNrMug=="
    },
    "jq-router": {
      "version": "4.6.1",
      "resolved": "https://registry.npmjs.org/jq-router/-/jq-router-4.6.1.tgz",
      "integrity": "sha512-q+xzFUlhtdExSMfn3FcGlYFrUGuC9GzJUavkRfPJ9ziOlENYrL73RmfREntkaruGQo9RfE52I7lAOSG5SgaQ6Q==",
      "requires": {
        "jquery": "^3.2.1"
      }
    },
    "jquery": {
      "version": "3.6.1",
      "resolved": "https://registry.npmjs.org/jquery/-/jquery-3.6.1.tgz",
      "integrity": "sha512-opJeO4nCucVnsjiXOE+/PcCgYw9Gwpvs/a6B1LL/lQhwWwpbVEVYDZ1FokFr8PRc7ghYlrFPuyHuiiDNTQxmcw=="
    },
    "jqueryrouter": {
      "version": "2.2.12",
      "resolved": "https://registry.npmjs.org/jqueryrouter/-/jqueryrouter-2.2.12.tgz",
      "integrity": "sha512-IUgLUz39L3E2YKRSAme7TGoQB1CBlUbtaNHHsNjIk2caoACnv5pPbnvpgtvzCnXBi1oC/4tF5oLBgQERiXxXRQ==",
      "requires": {}
    }
  }
}
